
Microsoft Visual Studio Solution File, Format Version 12.00
# Visual Studio Version 16
VisualStudioVersion = 16.0.31019.35
MinimumVisualStudioVersion = 10.0.40219.1
Project("{FAE04EC0-301F-11D3-BF4B-00C04F79EFBC}") = "grafos", "proyecto-ped\grafos.csproj", "{04761531-B954-4BB0-AB40-60C82B3C66E6}"
EndProject
Global
	GlobalSection(SolutionConfigurationPlatforms) = preSolution
		Debug|Any CPU = Debug|Any CPU
		Release|Any CPU = Release|Any CPU
	EndGlobalSection
	GlobalSection(ProjectConfigurationPlatforms) = postSolution
		{04761531-B954-4BB0-AB40-60C82B3C66E6}.Debug|Any CPU.ActiveCfg = Debug|Any CPU
		{04761531-B954-4BB0-AB40-60C82B3C66E6}.Debug|Any CPU.Build.0 = Debug|Any CPU
		{04761531-B954-4BB0-AB40-60C82B3C66E6}.Release|Any CPU.ActiveCfg = Release|Any CPU
		{04761531-B954-4BB0-AB40-60C82B3C66E6}.Release|Any CPU.Build.0 = Release|Any CPU
	EndGlobalSection
	GlobalSection(SolutionProperties) = preSolution
		HideSolutionNode = FALSE
	EndGlobalSection
	GlobalSection(ExtensibilityGlobals) = postSolution
		SolutionGuid = {EEA18B24-EC64-40A0-AA61-E2908F99E256}
	EndGlobalSection
EndGlobal
